
Microsoft Visual Studio Solution File, Format Version 12.00
# Visual Studio Version 17
VisualStudioVersion = 17.0.32126.317
MinimumVisualStudioVersion = 10.0.40219.1
Project("{2150E333-8FDC-42A3-9474-1A3956D46DE8}") = "src", "src", "{B040836F-918A-4675-B325-C5D5A6EDE16E}"
EndProject
Project("{2150E333-8FDC-42A3-9474-1A3956D46DE8}") = "API", "API", "{767CFE16-40F4-4B79-80BC-51B140C772ED}"
EndProject
Project("{2150E333-8FDC-42A3-9474-1A3956D46DE8}") = "Core", "Core", "{101B3300-446C-4739-8C03-B2F4590AC168}"
EndProject
Project("{2150E333-8FDC-42A3-9474-1A3956D46DE8}") = "Infrastructure", "Infrastructure", "{2EC8599F-CE53-4D6F-8533-92D2B6314972}"
EndProject
Project("{FAE04EC0-301F-11D3-BF4B-00C04F79EFBC}") = "Plateform RH Finlogik.Domain", "Plateform RH Finlogik.Domain\Plateform RH Finlogik.Domain.csproj", "{4223265D-0745-4259-BB95-B6034D723FDF}"
EndProject
Project("{FAE04EC0-301F-11D3-BF4B-00C04F79EFBC}") = "Plateform RH Finlogik.Application", "Plateform RH Finlogik.Application\Plateform RH Finlogik.Application.csproj", "{1E042372-2548-4CDE-9140-F29386AC8700}"
EndProject
Project("{FAE04EC0-301F-11D3-BF4B-00C04F79EFBC}") = "Plateform RH Finlogik.Persistance", "Plateform RH Finlogik.Persistance\Plateform RH Finlogik.Persistance.csproj", "{713E2E07-1B73-47FE-9C93-CBD82AB3E3E4}"
EndProject
Project("{FAE04EC0-301F-11D3-BF4B-00C04F79EFBC}") = "Plateform RH Finlogik.Infrastructure", "Plateform RH Finlogik.Infrastructure\Plateform RH Finlogik.Infrastructure.csproj", "{E8A066F8-EF7B-48FD-977F-24D3CDD2285C}"
EndProject
Project("{FAE04EC0-301F-11D3-BF4B-00C04F79EFBC}") = "Plateform RH Finlogik.Api", "Plateform RH Finlogik.Api\Plateform RH Finlogik.Api.csproj", "{C18F6C69-ED07-4DF9-B314-A1E6A3C3F393}"
EndProject
Project("{FAE04EC0-301F-11D3-BF4B-00C04F79EFBC}") = "Plateform RH Finlogik.Identity", "Plateform RH Finlogik.Identity\Plateform RH Finlogik.Identity.csproj", "{DEA77D43-BE15-4943-85B1-9000C32B1D9D}"
EndProject
Global
	GlobalSection(SolutionConfigurationPlatforms) = preSolution
		Debug|Any CPU = Debug|Any CPU
		Release|Any CPU = Release|Any CPU
	EndGlobalSection
	GlobalSection(ProjectConfigurationPlatforms) = postSolution
		{4223265D-0745-4259-BB95-B6034D723FDF}.Debug|Any CPU.ActiveCfg = Debug|Any CPU
		{4223265D-0745-4259-BB95-B6034D723FDF}.Debug|Any CPU.Build.0 = Debug|Any CPU
		{4223265D-0745-4259-BB95-B6034D723FDF}.Release|Any CPU.ActiveCfg = Release|Any CPU
		{4223265D-0745-4259-BB95-B6034D723FDF}.Release|Any CPU.Build.0 = Release|Any CPU
		{1E042372-2548-4CDE-9140-F29386AC8700}.Debug|Any CPU.ActiveCfg = Debug|Any CPU
		{1E042372-2548-4CDE-9140-F29386AC8700}.Debug|Any CPU.Build.0 = Debug|Any CPU
		{1E042372-2548-4CDE-9140-F29386AC8700}.Release|Any CPU.ActiveCfg = Release|Any CPU
		{1E042372-2548-4CDE-9140-F29386AC8700}.Release|Any CPU.Build.0 = Release|Any CPU
		{713E2E07-1B73-47FE-9C93-CBD82AB3E3E4}.Debug|Any CPU.ActiveCfg = Debug|Any CPU
		{713E2E07-1B73-47FE-9C93-CBD82AB3E3E4}.Debug|Any CPU.Build.0 = Debug|Any CPU
		{713E2E07-1B73-47FE-9C93-CBD82AB3E3E4}.Release|Any CPU.ActiveCfg = Release|Any CPU
		{713E2E07-1B73-47FE-9C93-CBD82AB3E3E4}.Release|Any CPU.Build.0 = Release|Any CPU
		{E8A066F8-EF7B-48FD-977F-24D3CDD2285C}.Debug|Any CPU.ActiveCfg = Debug|Any CPU
		{E8A066F8-EF7B-48FD-977F-24D3CDD2285C}.Debug|Any CPU.Build.0 = Debug|Any CPU
		{E8A066F8-EF7B-48FD-977F-24D3CDD2285C}.Release|Any CPU.ActiveCfg = Release|Any CPU
		{E8A066F8-EF7B-48FD-977F-24D3CDD2285C}.Release|Any CPU.Build.0 = Release|Any CPU
		{C18F6C69-ED07-4DF9-B314-A1E6A3C3F393}.Debug|Any CPU.ActiveCfg = Debug|Any CPU
		{C18F6C69-ED07-4DF9-B314-A1E6A3C3F393}.Debug|Any CPU.Build.0 = Debug|Any CPU
		{C18F6C69-ED07-4DF9-B314-A1E6A3C3F393}.Release|Any CPU.ActiveCfg = Release|Any CPU
		{C18F6C69-ED07-4DF9-B314-A1E6A3C3F393}.Release|Any CPU.Build.0 = Release|Any CPU
		{DEA77D43-BE15-4943-85B1-9000C32B1D9D}.Debug|Any CPU.ActiveCfg = Debug|Any CPU
		{DEA77D43-BE15-4943-85B1-9000C32B1D9D}.Debug|Any CPU.Build.0 = Debug|Any CPU
		{DEA77D43-BE15-4943-85B1-9000C32B1D9D}.Release|Any CPU.ActiveCfg = Release|Any CPU
		{DEA77D43-BE15-4943-85B1-9000C32B1D9D}.Release|Any CPU.Build.0 = Release|Any CPU
	EndGlobalSection
	GlobalSection(SolutionProperties) = preSolution
		HideSolutionNode = FALSE
	EndGlobalSection
	GlobalSection(NestedProjects) = preSolution
		{767CFE16-40F4-4B79-80BC-51B140C772ED} = {B040836F-918A-4675-B325-C5D5A6EDE16E}
		{101B3300-446C-4739-8C03-B2F4590AC168} = {B040836F-918A-4675-B325-C5D5A6EDE16E}
		{2EC8599F-CE53-4D6F-8533-92D2B6314972} = {B040836F-918A-4675-B325-C5D5A6EDE16E}
		{4223265D-0745-4259-BB95-B6034D723FDF} = {101B3300-446C-4739-8C03-B2F4590AC168}
		{1E042372-2548-4CDE-9140-F29386AC8700} = {101B3300-446C-4739-8C03-B2F4590AC168}
		{713E2E07-1B73-47FE-9C93-CBD82AB3E3E4} = {2EC8599F-CE53-4D6F-8533-92D2B6314972}
		{E8A066F8-EF7B-48FD-977F-24D3CDD2285C} = {2EC8599F-CE53-4D6F-8533-92D2B6314972}
		{C18F6C69-ED07-4DF9-B314-A1E6A3C3F393} = {767CFE16-40F4-4B79-80BC-51B140C772ED}
		{DEA77D43-BE15-4943-85B1-9000C32B1D9D} = {2EC8599F-CE53-4D6F-8533-92D2B6314972}
	EndGlobalSection
	GlobalSection(ExtensibilityGlobals) = postSolution
		SolutionGuid = {D470C570-5C39-44D1-B37A-0B44665FAFA3}
	EndGlobalSection
EndGlobal
