
Microsoft Visual Studio Solution File, Format Version 12.00
# Visual Studio Version 17
VisualStudioVersion = 17.0.32126.317
MinimumVisualStudioVersion = 10.0.40219.1
Project("{2150E333-8FDC-42A3-9474-1A3956D46DE8}") = "src", "src", "{B040836F-918A-4675-B325-C5D5A6EDE16E}"
EndProject
Project("{2150E333-8FDC-42A3-9474-1A3956D46DE8}") = "API", "API", "{767CFE16-40F4-4B79-80BC-51B140C772ED}"
EndProject
Project("{2150E333-8FDC-42A3-9474-1A3956D46DE8}") = "Core", "Core", "{101B3300-446C-4739-8C03-B2F4590AC168}"
EndProject
Project("{2150E333-8FDC-42A3-9474-1A3956D46DE8}") = "Infrastructure", "Infrastructure", "{2EC8599F-CE53-4D6F-8533-92D2B6314972}"
EndProject
Project("{9A19103F-16F7-4668-BE54-9A1E7A4F7556}") = "Plateform RH Finlogik.Domain", "Plateform RH Finlogik.Domain\Plateform RH Finlogik.Domain.csproj", "{4223265D-0745-4259-BB95-B6034D723FDF}"
EndProject
Project("{9A19103F-16F7-4668-BE54-9A1E7A4F7556}") = "Plateform RH Finlogik.Application", "Plateform RH Finlogik.Application\Plateform RH Finlogik.Application.csproj", "{1E042372-2548-4CDE-9140-F29386AC8700}"
EndProject
Project("{9A19103F-16F7-4668-BE54-9A1E7A4F7556}") = "Plateform RH Finlogik.Persistance", "Plateform RH Finlogik.Persistance\Plateform RH Finlogik.Persistance.csproj", "{713E2E07-1B73-47FE-9C93-CBD82AB3E3E4}"
EndProject
Project("{9A19103F-16F7-4668-BE54-9A1E7A4F7556}") = "Plateform RH Finlogik.Api", "Plateform RH Finlogik.Api\Plateform RH Finlogik.Api.csproj", "{C18F6C69-ED07-4DF9-B314-A1E6A3C3F393}"
EndProject
Project("{9A19103F-16F7-4668-BE54-9A1E7A4F7556}") = "Plateform RH Finlogik . JWT", "Plateform RH Finlogik . JWT\Plateform RH Finlogik . JWT.csproj", "{E56C4807-50F4-4975-84E1-22AB339978CE}"
EndProject
Project("{2150E333-8FDC-42A3-9474-1A3956D46DE8}") = "SendEmail", "SendEmail", "{712D4127-E930-4711-AE93-92914CD2F17C}"
EndProject
Project("{FAE04EC0-301F-11D3-BF4B-00C04F79EFBC}") = "Plateform Rh Finlogik .sendEmail", "Plateform Rh Finlogik .sendEmail\Plateform Rh Finlogik .sendEmail.csproj", "{E4D464FC-2733-477A-865B-40EC7DFB4FFB}"
EndProject
Global
	GlobalSection(SolutionConfigurationPlatforms) = preSolution
		Debug|Any CPU = Debug|Any CPU
		Release|Any CPU = Release|Any CPU
	EndGlobalSection
	GlobalSection(ProjectConfigurationPlatforms) = postSolution
		{4223265D-0745-4259-BB95-B6034D723FDF}.Debug|Any CPU.ActiveCfg = Debug|Any CPU
		{4223265D-0745-4259-BB95-B6034D723FDF}.Debug|Any CPU.Build.0 = Debug|Any CPU
		{4223265D-0745-4259-BB95-B6034D723FDF}.Release|Any CPU.ActiveCfg = Release|Any CPU
		{4223265D-0745-4259-BB95-B6034D723FDF}.Release|Any CPU.Build.0 = Release|Any CPU
		{1E042372-2548-4CDE-9140-F29386AC8700}.Debug|Any CPU.ActiveCfg = Debug|Any CPU
		{1E042372-2548-4CDE-9140-F29386AC8700}.Debug|Any CPU.Build.0 = Debug|Any CPU
		{1E042372-2548-4CDE-9140-F29386AC8700}.Release|Any CPU.ActiveCfg = Release|Any CPU
		{1E042372-2548-4CDE-9140-F29386AC8700}.Release|Any CPU.Build.0 = Release|Any CPU
		{713E2E07-1B73-47FE-9C93-CBD82AB3E3E4}.Debug|Any CPU.ActiveCfg = Debug|Any CPU
		{713E2E07-1B73-47FE-9C93-CBD82AB3E3E4}.Debug|Any CPU.Build.0 = Debug|Any CPU
		{713E2E07-1B73-47FE-9C93-CBD82AB3E3E4}.Release|Any CPU.ActiveCfg = Release|Any CPU
		{713E2E07-1B73-47FE-9C93-CBD82AB3E3E4}.Release|Any CPU.Build.0 = Release|Any CPU
		{C18F6C69-ED07-4DF9-B314-A1E6A3C3F393}.Debug|Any CPU.ActiveCfg = Debug|Any CPU
		{C18F6C69-ED07-4DF9-B314-A1E6A3C3F393}.Debug|Any CPU.Build.0 = Debug|Any CPU
		{C18F6C69-ED07-4DF9-B314-A1E6A3C3F393}.Release|Any CPU.ActiveCfg = Release|Any CPU
		{C18F6C69-ED07-4DF9-B314-A1E6A3C3F393}.Release|Any CPU.Build.0 = Release|Any CPU
		{E56C4807-50F4-4975-84E1-22AB339978CE}.Debug|Any CPU.ActiveCfg = Debug|Any CPU
		{E56C4807-50F4-4975-84E1-22AB339978CE}.Debug|Any CPU.Build.0 = Debug|Any CPU
		{E56C4807-50F4-4975-84E1-22AB339978CE}.Release|Any CPU.ActiveCfg = Release|Any CPU
		{E56C4807-50F4-4975-84E1-22AB339978CE}.Release|Any CPU.Build.0 = Release|Any CPU
		{E4D464FC-2733-477A-865B-40EC7DFB4FFB}.Debug|Any CPU.ActiveCfg = Debug|Any CPU
		{E4D464FC-2733-477A-865B-40EC7DFB4FFB}.Debug|Any CPU.Build.0 = Debug|Any CPU
		{E4D464FC-2733-477A-865B-40EC7DFB4FFB}.Release|Any CPU.ActiveCfg = Release|Any CPU
		{E4D464FC-2733-477A-865B-40EC7DFB4FFB}.Release|Any CPU.Build.0 = Release|Any CPU
	EndGlobalSection
	GlobalSection(SolutionProperties) = preSolution
		HideSolutionNode = FALSE
	EndGlobalSection
	GlobalSection(NestedProjects) = preSolution
		{767CFE16-40F4-4B79-80BC-51B140C772ED} = {B040836F-918A-4675-B325-C5D5A6EDE16E}
		{101B3300-446C-4739-8C03-B2F4590AC168} = {B040836F-918A-4675-B325-C5D5A6EDE16E}
		{2EC8599F-CE53-4D6F-8533-92D2B6314972} = {B040836F-918A-4675-B325-C5D5A6EDE16E}
		{4223265D-0745-4259-BB95-B6034D723FDF} = {101B3300-446C-4739-8C03-B2F4590AC168}
		{1E042372-2548-4CDE-9140-F29386AC8700} = {101B3300-446C-4739-8C03-B2F4590AC168}
		{713E2E07-1B73-47FE-9C93-CBD82AB3E3E4} = {2EC8599F-CE53-4D6F-8533-92D2B6314972}
		{C18F6C69-ED07-4DF9-B314-A1E6A3C3F393} = {767CFE16-40F4-4B79-80BC-51B140C772ED}
		{E56C4807-50F4-4975-84E1-22AB339978CE} = {2EC8599F-CE53-4D6F-8533-92D2B6314972}
		{712D4127-E930-4711-AE93-92914CD2F17C} = {B040836F-918A-4675-B325-C5D5A6EDE16E}
		{E4D464FC-2733-477A-865B-40EC7DFB4FFB} = {712D4127-E930-4711-AE93-92914CD2F17C}
	EndGlobalSection
	GlobalSection(ExtensibilityGlobals) = postSolution
		SolutionGuid = {D470C570-5C39-44D1-B37A-0B44665FAFA3}
	EndGlobalSection
EndGlobal
